// !$*UTF8*$!
{
	archiveVersion = 1;
	classes = {
	};
	objectVersion = 46;
	objects = {

/* Begin PBXBuildFile section */
		A8F551B41AF9C064007903EC /* CHANGELOG in Resources */ = {isa = PBXBuildFile; fileRef = A8F551A91AF9C064007903EC /* CHANGELOG */; };
		A8F551B51AF9C064007903EC /* de.bitstadium.HockeySDK-iOS-3.6.2.docset in Resources */ = {isa = PBXBuildFile; fileRef = A8F551AA1AF9C064007903EC /* de.bitstadium.HockeySDK-iOS-3.6.2.docset */; };
		A8F551B71AF9C064007903EC /* HockeySDK.xcconfig in Resources */ = {isa = PBXBuildFile; fileRef = A8F551AE1AF9C064007903EC /* HockeySDK.xcconfig */; };
		A8F551B81AF9C064007903EC /* HockeySDKResources.bundle in Resources */ = {isa = PBXBuildFile; fileRef = A8F551AF1AF9C064007903EC /* HockeySDKResources.bundle */; };
		A8F551B91AF9C064007903EC /* HockeySDK.framework in Frameworks */ = {isa = PBXBuildFile; fileRef = A8F551B11AF9C064007903EC /* HockeySDK.framework */; };
		A8F551BA1AF9C064007903EC /* LICENSE in Resources */ = {isa = PBXBuildFile; fileRef = A8F551B21AF9C064007903EC /* LICENSE */; };
		A8F551BB1AF9C064007903EC /* README.md in Sources */ = {isa = PBXBuildFile; fileRef = A8F551B31AF9C064007903EC /* README.md */; };
		A8F551BD1AF9C077007903EC /* AssetsLibrary.framework in Frameworks */ = {isa = PBXBuildFile; fileRef = A8F551BC1AF9C077007903EC /* AssetsLibrary.framework */; };
		A8F551BF1AF9C07F007903EC /* CoreGraphics.framework in Frameworks */ = {isa = PBXBuildFile; fileRef = A8F551BE1AF9C07F007903EC /* CoreGraphics.framework */; };
		A8F551C11AF9C087007903EC /* CoreText.framework in Frameworks */ = {isa = PBXBuildFile; fileRef = A8F551C01AF9C087007903EC /* CoreText.framework */; };
		A8F551C31AF9C08F007903EC /* Foundation.framework in Frameworks */ = {isa = PBXBuildFile; fileRef = A8F551C21AF9C08F007903EC /* Foundation.framework */; };
		A8F551C51AF9C097007903EC /* MobileCoreServices.framework in Frameworks */ = {isa = PBXBuildFile; fileRef = A8F551C41AF9C097007903EC /* MobileCoreServices.framework */; };
		A8F551C71AF9C09F007903EC /* QuartzCore.framework in Frameworks */ = {isa = PBXBuildFile; fileRef = A8F551C61AF9C09F007903EC /* QuartzCore.framework */; };
		A8F551C91AF9C0A6007903EC /* QuickLook.framework in Frameworks */ = {isa = PBXBuildFile; fileRef = A8F551C81AF9C0A6007903EC /* QuickLook.framework */; };
		A8F551CB1AF9C0B0007903EC /* Security.framework in Frameworks */ = {isa = PBXBuildFile; fileRef = A8F551CA1AF9C0B0007903EC /* Security.framework */; };
		A8F551CD1AF9C0B8007903EC /* SystemConfiguration.framework in Frameworks */ = {isa = PBXBuildFile; fileRef = A8F551CC1AF9C0B8007903EC /* SystemConfiguration.framework */; };
		A8F551CF1AF9C0C1007903EC /* UIKit.framework in Frameworks */ = {isa = PBXBuildFile; fileRef = A8F551CE1AF9C0C1007903EC /* UIKit.framework */; };
		A8FD64EF1AF8B7E400874551 /* main.m in Sources */ = {isa = PBXBuildFile; fileRef = A8FD64EE1AF8B7E400874551 /* main.m */; };
		A8FD64F21AF8B7E400874551 /* AppDelegate.m in Sources */ = {isa = PBXBuildFile; fileRef = A8FD64F11AF8B7E400874551 /* AppDelegate.m */; };
		A8FD64F51AF8B7E400874551 /* FirstViewController.m in Sources */ = {isa = PBXBuildFile; fileRef = A8FD64F41AF8B7E400874551 /* FirstViewController.m */; };
		A8FD64F81AF8B7E400874551 /* SecondViewController.m in Sources */ = {isa = PBXBuildFile; fileRef = A8FD64F71AF8B7E400874551 /* SecondViewController.m */; };
		A8FD64FB1AF8B7E400874551 /* Main.storyboard in Resources */ = {isa = PBXBuildFile; fileRef = A8FD64F91AF8B7E400874551 /* Main.storyboard */; };
		A8FD64FD1AF8B7E400874551 /* Images.xcassets in Resources */ = {isa = PBXBuildFile; fileRef = A8FD64FC1AF8B7E400874551 /* Images.xcassets */; };
		A8FD65001AF8B7E400874551 /* LaunchScreen.xib in Resources */ = {isa = PBXBuildFile; fileRef = A8FD64FE1AF8B7E400874551 /* LaunchScreen.xib */; };
		A8FD650C1AF8B7E400874551 /* jenkinsIntegrationTests.m in Sources */ = {isa = PBXBuildFile; fileRef = A8FD650B1AF8B7E400874551 /* jenkinsIntegrationTests.m */; };
/* End PBXBuildFile section */

/* Begin PBXContainerItemProxy section */
		A8FD65061AF8B7E400874551 /* PBXContainerItemProxy */ = {
			isa = PBXContainerItemProxy;
			containerPortal = A8FD64E11AF8B7E400874551 /* Project object */;
			proxyType = 1;
			remoteGlobalIDString = A8FD64E81AF8B7E400874551;
			remoteInfo = jenkinsIntegration;
		};
/* End PBXContainerItemProxy section */

/* Begin PBXFileReference section */
		A8F551A91AF9C064007903EC /* CHANGELOG */ = {isa = PBXFileReference; fileEncoding = 4; lastKnownFileType = text; path = CHANGELOG; sourceTree = "<group>"; };
		A8F551AA1AF9C064007903EC /* de.bitstadium.HockeySDK-iOS-3.6.2.docset */ = {isa = PBXFileReference; lastKnownFileType = wrapper; path = "de.bitstadium.HockeySDK-iOS-3.6.2.docset"; sourceTree = "<group>"; };
		A8F551AC1AF9C064007903EC /* HockeySDK.framework */ = {isa = PBXFileReference; lastKnownFileType = wrapper.framework; path = HockeySDK.framework; sourceTree = "<group>"; };
		A8F551AE1AF9C064007903EC /* HockeySDK.xcconfig */ = {isa = PBXFileReference; fileEncoding = 4; lastKnownFileType = text.xcconfig; path = HockeySDK.xcconfig; sourceTree = "<group>"; };
		A8F551AF1AF9C064007903EC /* HockeySDKResources.bundle */ = {isa = PBXFileReference; lastKnownFileType = "wrapper.plug-in"; path = HockeySDKResources.bundle; sourceTree = "<group>"; };
		A8F551B11AF9C064007903EC /* HockeySDK.framework */ = {isa = PBXFileReference; lastKnownFileType = wrapper.framework; path = HockeySDK.framework; sourceTree = "<group>"; };
		A8F551B21AF9C064007903EC /* LICENSE */ = {isa = PBXFileReference; fileEncoding = 4; lastKnownFileType = text; path = LICENSE; sourceTree = "<group>"; };
		A8F551B31AF9C064007903EC /* README.md */ = {isa = PBXFileReference; fileEncoding = 4; lastKnownFileType = net.daringfireball.markdown; path = README.md; sourceTree = "<group>"; };
		A8F551BC1AF9C077007903EC /* AssetsLibrary.framework */ = {isa = PBXFileReference; lastKnownFileType = wrapper.framework; name = AssetsLibrary.framework; path = System/Library/Frameworks/AssetsLibrary.framework; sourceTree = SDKROOT; };
		A8F551BE1AF9C07F007903EC /* CoreGraphics.framework */ = {isa = PBXFileReference; lastKnownFileType = wrapper.framework; name = CoreGraphics.framework; path = System/Library/Frameworks/CoreGraphics.framework; sourceTree = SDKROOT; };
		A8F551C01AF9C087007903EC /* CoreText.framework */ = {isa = PBXFileReference; lastKnownFileType = wrapper.framework; name = CoreText.framework; path = System/Library/Frameworks/CoreText.framework; sourceTree = SDKROOT; };
		A8F551C21AF9C08F007903EC /* Foundation.framework */ = {isa = PBXFileReference; lastKnownFileType = wrapper.framework; name = Foundation.framework; path = System/Library/Frameworks/Foundation.framework; sourceTree = SDKROOT; };
		A8F551C41AF9C097007903EC /* MobileCoreServices.framework */ = {isa = PBXFileReference; lastKnownFileType = wrapper.framework; name = MobileCoreServices.framework; path = System/Library/Frameworks/MobileCoreServices.framework; sourceTree = SDKROOT; };
		A8F551C61AF9C09F007903EC /* QuartzCore.framework */ = {isa = PBXFileReference; lastKnownFileType = wrapper.framework; name = QuartzCore.framework; path = System/Library/Frameworks/QuartzCore.framework; sourceTree = SDKROOT; };
		A8F551C81AF9C0A6007903EC /* QuickLook.framework */ = {isa = PBXFileReference; lastKnownFileType = wrapper.framework; name = QuickLook.framework; path = System/Library/Frameworks/QuickLook.framework; sourceTree = SDKROOT; };
		A8F551CA1AF9C0B0007903EC /* Security.framework */ = {isa = PBXFileReference; lastKnownFileType = wrapper.framework; name = Security.framework; path = System/Library/Frameworks/Security.framework; sourceTree = SDKROOT; };
		A8F551CC1AF9C0B8007903EC /* SystemConfiguration.framework */ = {isa = PBXFileReference; lastKnownFileType = wrapper.framework; name = SystemConfiguration.framework; path = System/Library/Frameworks/SystemConfiguration.framework; sourceTree = SDKROOT; };
		A8F551CE1AF9C0C1007903EC /* UIKit.framework */ = {isa = PBXFileReference; lastKnownFileType = wrapper.framework; name = UIKit.framework; path = System/Library/Frameworks/UIKit.framework; sourceTree = SDKROOT; };
		A8FD64E91AF8B7E400874551 /* jenkinsIntegration.app */ = {isa = PBXFileReference; explicitFileType = wrapper.application; includeInIndex = 0; path = jenkinsIntegration.app; sourceTree = BUILT_PRODUCTS_DIR; };
		A8FD64ED1AF8B7E400874551 /* Info.plist */ = {isa = PBXFileReference; lastKnownFileType = text.plist.xml; path = Info.plist; sourceTree = "<group>"; };
		A8FD64EE1AF8B7E400874551 /* main.m */ = {isa = PBXFileReference; lastKnownFileType = sourcecode.c.objc; path = main.m; sourceTree = "<group>"; };
		A8FD64F01AF8B7E400874551 /* AppDelegate.h */ = {isa = PBXFileReference; lastKnownFileType = sourcecode.c.h; path = AppDelegate.h; sourceTree = "<group>"; };
		A8FD64F11AF8B7E400874551 /* AppDelegate.m */ = {isa = PBXFileReference; lastKnownFileType = sourcecode.c.objc; path = AppDelegate.m; sourceTree = "<group>"; };
		A8FD64F31AF8B7E400874551 /* FirstViewController.h */ = {isa = PBXFileReference; lastKnownFileType = sourcecode.c.h; path = FirstViewController.h; sourceTree = "<group>"; };
		A8FD64F41AF8B7E400874551 /* FirstViewController.m */ = {isa = PBXFileReference; lastKnownFileType = sourcecode.c.objc; path = FirstViewController.m; sourceTree = "<group>"; };
		A8FD64F61AF8B7E400874551 /* SecondViewController.h */ = {isa = PBXFileReference; lastKnownFileType = sourcecode.c.h; path = SecondViewController.h; sourceTree = "<group>"; };
		A8FD64F71AF8B7E400874551 /* SecondViewController.m */ = {isa = PBXFileReference; lastKnownFileType = sourcecode.c.objc; path = SecondViewController.m; sourceTree = "<group>"; };
		A8FD64FA1AF8B7E400874551 /* Base */ = {isa = PBXFileReference; lastKnownFileType = file.storyboard; name = Base; path = Base.lproj/Main.storyboard; sourceTree = "<group>"; };
		A8FD64FC1AF8B7E400874551 /* Images.xcassets */ = {isa = PBXFileReference; lastKnownFileType = folder.assetcatalog; path = Images.xcassets; sourceTree = "<group>"; };
		A8FD64FF1AF8B7E400874551 /* Base */ = {isa = PBXFileReference; lastKnownFileType = file.xib; name = Base; path = Base.lproj/LaunchScreen.xib; sourceTree = "<group>"; };
		A8FD65051AF8B7E400874551 /* jenkinsIntegrationTests.xctest */ = {isa = PBXFileReference; explicitFileType = wrapper.cfbundle; includeInIndex = 0; path = jenkinsIntegrationTests.xctest; sourceTree = BUILT_PRODUCTS_DIR; };
		A8FD650A1AF8B7E400874551 /* Info.plist */ = {isa = PBXFileReference; lastKnownFileType = text.plist.xml; path = Info.plist; sourceTree = "<group>"; };
		A8FD650B1AF8B7E400874551 /* jenkinsIntegrationTests.m */ = {isa = PBXFileReference; lastKnownFileType = sourcecode.c.objc; path = jenkinsIntegrationTests.m; sourceTree = "<group>"; };
/* End PBXFileReference section */

/* Begin PBXFrameworksBuildPhase section */
		A8FD64E61AF8B7E400874551 /* Frameworks */ = {
			isa = PBXFrameworksBuildPhase;
			buildActionMask = 2147483647;
			files = (
				A8F551CF1AF9C0C1007903EC /* UIKit.framework in Frameworks */,
				A8F551CD1AF9C0B8007903EC /* SystemConfiguration.framework in Frameworks */,
				A8F551CB1AF9C0B0007903EC /* Security.framework in Frameworks */,
				A8F551C91AF9C0A6007903EC /* QuickLook.framework in Frameworks */,
				A8F551C71AF9C09F007903EC /* QuartzCore.framework in Frameworks */,
				A8F551C51AF9C097007903EC /* MobileCoreServices.framework in Frameworks */,
				A8F551C31AF9C08F007903EC /* Foundation.framework in Frameworks */,
				A8F551C11AF9C087007903EC /* CoreText.framework in Frameworks */,
				A8F551BF1AF9C07F007903EC /* CoreGraphics.framework in Frameworks */,
				A8F551BD1AF9C077007903EC /* AssetsLibrary.framework in Frameworks */,
				A8F551B91AF9C064007903EC /* HockeySDK.framework in Frameworks */,
			);
			runOnlyForDeploymentPostprocessing = 0;
		};
		A8FD65021AF8B7E400874551 /* Frameworks */ = {
			isa = PBXFrameworksBuildPhase;
			buildActionMask = 2147483647;
			files = (
			);
			runOnlyForDeploymentPostprocessing = 0;
		};
/* End PBXFrameworksBuildPhase section */

/* Begin PBXGroup section */
		A8F551A81AF9C064007903EC /* HockeySDK-iOS */ = {
			isa = PBXGroup;
			children = (
				A8F551A91AF9C064007903EC /* CHANGELOG */,
				A8F551AA1AF9C064007903EC /* de.bitstadium.HockeySDK-iOS-3.6.2.docset */,
				A8F551AB1AF9C064007903EC /* HockeySDK.embeddedframework */,
				A8F551B01AF9C064007903EC /* HockeySDKCrashOnly */,
				A8F551B21AF9C064007903EC /* LICENSE */,
				A8F551B31AF9C064007903EC /* README.md */,
			);
			path = "HockeySDK-iOS";
			sourceTree = "<group>";
		};
		A8F551AB1AF9C064007903EC /* HockeySDK.embeddedframework */ = {
			isa = PBXGroup;
			children = (
				A8F551AC1AF9C064007903EC /* HockeySDK.framework */,
				A8F551AD1AF9C064007903EC /* Resources */,
			);
			path = HockeySDK.embeddedframework;
			sourceTree = "<group>";
		};
		A8F551AD1AF9C064007903EC /* Resources */ = {
			isa = PBXGroup;
			children = (
				A8F551AE1AF9C064007903EC /* HockeySDK.xcconfig */,
				A8F551AF1AF9C064007903EC /* HockeySDKResources.bundle */,
			);
			path = Resources;
			sourceTree = "<group>";
		};
		A8F551B01AF9C064007903EC /* HockeySDKCrashOnly */ = {
			isa = PBXGroup;
			children = (
				A8F551B11AF9C064007903EC /* HockeySDK.framework */,
			);
			path = HockeySDKCrashOnly;
			sourceTree = "<group>";
		};
		A8FD64E01AF8B7E400874551 = {
			isa = PBXGroup;
			children = (
				A8F551CE1AF9C0C1007903EC /* UIKit.framework */,
				A8F551CC1AF9C0B8007903EC /* SystemConfiguration.framework */,
				A8F551CA1AF9C0B0007903EC /* Security.framework */,
				A8F551C81AF9C0A6007903EC /* QuickLook.framework */,
				A8F551C61AF9C09F007903EC /* QuartzCore.framework */,
				A8F551C41AF9C097007903EC /* MobileCoreServices.framework */,
				A8F551C21AF9C08F007903EC /* Foundation.framework */,
				A8F551C01AF9C087007903EC /* CoreText.framework */,
				A8F551BE1AF9C07F007903EC /* CoreGraphics.framework */,
				A8F551BC1AF9C077007903EC /* AssetsLibrary.framework */,
				A8FD64EB1AF8B7E400874551 /* jenkinsIntegration */,
				A8FD65081AF8B7E400874551 /* jenkinsIntegrationTests */,
				A8FD64EA1AF8B7E400874551 /* Products */,
			);
			sourceTree = "<group>";
		};
		A8FD64EA1AF8B7E400874551 /* Products */ = {
			isa = PBXGroup;
			children = (
				A8FD64E91AF8B7E400874551 /* jenkinsIntegration.app */,
				A8FD65051AF8B7E400874551 /* jenkinsIntegrationTests.xctest */,
			);
			name = Products;
			sourceTree = "<group>";
		};
		A8FD64EB1AF8B7E400874551 /* jenkinsIntegration */ = {
			isa = PBXGroup;
			children = (
				A8FD64F01AF8B7E400874551 /* AppDelegate.h */,
				A8FD64F11AF8B7E400874551 /* AppDelegate.m */,
				A8FD64F31AF8B7E400874551 /* FirstViewController.h */,
				A8FD64F41AF8B7E400874551 /* FirstViewController.m */,
				A8FD64F61AF8B7E400874551 /* SecondViewController.h */,
				A8FD64F71AF8B7E400874551 /* SecondViewController.m */,
				A8FD64F91AF8B7E400874551 /* Main.storyboard */,
				A8FD64FC1AF8B7E400874551 /* Images.xcassets */,
				A8FD64FE1AF8B7E400874551 /* LaunchScreen.xib */,
				A8FD64EC1AF8B7E400874551 /* Supporting Files */,
			);
			path = jenkinsIntegration;
			sourceTree = "<group>";
		};
		A8FD64EC1AF8B7E400874551 /* Supporting Files */ = {
			isa = PBXGroup;
			children = (
				A8F551A81AF9C064007903EC /* HockeySDK-iOS */,
				A8FD64ED1AF8B7E400874551 /* Info.plist */,
				A8FD64EE1AF8B7E400874551 /* main.m */,
			);
			name = "Supporting Files";
			sourceTree = "<group>";
		};
		A8FD65081AF8B7E400874551 /* jenkinsIntegrationTests */ = {
			isa = PBXGroup;
			children = (
				A8FD650B1AF8B7E400874551 /* jenkinsIntegrationTests.m */,
				A8FD65091AF8B7E400874551 /* Supporting Files */,
			);
			path = jenkinsIntegrationTests;
			sourceTree = "<group>";
		};
		A8FD65091AF8B7E400874551 /* Supporting Files */ = {
			isa = PBXGroup;
			children = (
				A8FD650A1AF8B7E400874551 /* Info.plist */,
			);
			name = "Supporting Files";
			sourceTree = "<group>";
		};
/* End PBXGroup section */

/* Begin PBXNativeTarget section */
		A8FD64E81AF8B7E400874551 /* jenkinsIntegration */ = {
			isa = PBXNativeTarget;
			buildConfigurationList = A8FD650F1AF8B7E500874551 /* Build configuration list for PBXNativeTarget "jenkinsIntegration" */;
			buildPhases = (
				A8FD64E51AF8B7E400874551 /* Sources */,
				A8FD64E61AF8B7E400874551 /* Frameworks */,
				A8FD64E71AF8B7E400874551 /* Resources */,
			);
			buildRules = (
			);
			dependencies = (
			);
			name = jenkinsIntegration;
			productName = jenkinsIntegration;
			productReference = A8FD64E91AF8B7E400874551 /* jenkinsIntegration.app */;
			productType = "com.apple.product-type.application";
		};
		A8FD65041AF8B7E400874551 /* jenkinsIntegrationTests */ = {
			isa = PBXNativeTarget;
			buildConfigurationList = A8FD65121AF8B7E500874551 /* Build configuration list for PBXNativeTarget "jenkinsIntegrationTests" */;
			buildPhases = (
				A8FD65011AF8B7E400874551 /* Sources */,
				A8FD65021AF8B7E400874551 /* Frameworks */,
				A8FD65031AF8B7E400874551 /* Resources */,
			);
			buildRules = (
			);
			dependencies = (
				A8FD65071AF8B7E400874551 /* PBXTargetDependency */,
			);
			name = jenkinsIntegrationTests;
			productName = jenkinsIntegrationTests;
			productReference = A8FD65051AF8B7E400874551 /* jenkinsIntegrationTests.xctest */;
			productType = "com.apple.product-type.bundle.unit-test";
		};
/* End PBXNativeTarget section */

/* Begin PBXProject section */
		A8FD64E11AF8B7E400874551 /* Project object */ = {
			isa = PBXProject;
			attributes = {
				LastUpgradeCheck = 0610;
				ORGANIZATIONNAME = urbanindo;
				TargetAttributes = {
					A8FD64E81AF8B7E400874551 = {
						CreatedOnToolsVersion = 6.1.1;
						DevelopmentTeam = 696UPVWUQ3;
					};
					A8FD65041AF8B7E400874551 = {
						CreatedOnToolsVersion = 6.1.1;
						TestTargetID = A8FD64E81AF8B7E400874551;
					};
				};
			};
			buildConfigurationList = A8FD64E41AF8B7E400874551 /* Build configuration list for PBXProject "jenkinsIntegration" */;
			compatibilityVersion = "Xcode 3.2";
			developmentRegion = English;
			hasScannedForEncodings = 0;
			knownRegions = (
				en,
				Base,
			);
			mainGroup = A8FD64E01AF8B7E400874551;
			productRefGroup = A8FD64EA1AF8B7E400874551 /* Products */;
			projectDirPath = "";
			projectRoot = "";
			targets = (
				A8FD64E81AF8B7E400874551 /* jenkinsIntegration */,
				A8FD65041AF8B7E400874551 /* jenkinsIntegrationTests */,
			);
		};
/* End PBXProject section */

/* Begin PBXResourcesBuildPhase section */
		A8FD64E71AF8B7E400874551 /* Resources */ = {
			isa = PBXResourcesBuildPhase;
			buildActionMask = 2147483647;
			files = (
				A8F551B71AF9C064007903EC /* HockeySDK.xcconfig in Resources */,
				A8FD64FB1AF8B7E400874551 /* Main.storyboard in Resources */,
				A8F551BA1AF9C064007903EC /* LICENSE in Resources */,
				A8F551B81AF9C064007903EC /* HockeySDKResources.bundle in Resources */,
				A8F551B41AF9C064007903EC /* CHANGELOG in Resources */,
				A8FD65001AF8B7E400874551 /* LaunchScreen.xib in Resources */,
				A8F551B51AF9C064007903EC /* de.bitstadium.HockeySDK-iOS-3.6.2.docset in Resources */,
				A8FD64FD1AF8B7E400874551 /* Images.xcassets in Resources */,
			);
			runOnlyForDeploymentPostprocessing = 0;
		};
		A8FD65031AF8B7E400874551 /* Resources */ = {
			isa = PBXResourcesBuildPhase;
			buildActionMask = 2147483647;
			files = (
			);
			runOnlyForDeploymentPostprocessing = 0;
		};
/* End PBXResourcesBuildPhase section */

/* Begin PBXSourcesBuildPhase section */
		A8FD64E51AF8B7E400874551 /* Sources */ = {
			isa = PBXSourcesBuildPhase;
			buildActionMask = 2147483647;
			files = (
				A8FD64F81AF8B7E400874551 /* SecondViewController.m in Sources */,
				A8FD64F21AF8B7E400874551 /* AppDelegate.m in Sources */,
				A8F551BB1AF9C064007903EC /* README.md in Sources */,
				A8FD64F51AF8B7E400874551 /* FirstViewController.m in Sources */,
				A8FD64EF1AF8B7E400874551 /* main.m in Sources */,
			);
			runOnlyForDeploymentPostprocessing = 0;
		};
		A8FD65011AF8B7E400874551 /* Sources */ = {
			isa = PBXSourcesBuildPhase;
			buildActionMask = 2147483647;
			files = (
				A8FD650C1AF8B7E400874551 /* jenkinsIntegrationTests.m in Sources */,
			);
			runOnlyForDeploymentPostprocessing = 0;
		};
/* End PBXSourcesBuildPhase section */

/* Begin PBXTargetDependency section */
		A8FD65071AF8B7E400874551 /* PBXTargetDependency */ = {
			isa = PBXTargetDependency;
			target = A8FD64E81AF8B7E400874551 /* jenkinsIntegration */;
			targetProxy = A8FD65061AF8B7E400874551 /* PBXContainerItemProxy */;
		};
/* End PBXTargetDependency section */

/* Begin PBXVariantGroup section */
		A8FD64F91AF8B7E400874551 /* Main.storyboard */ = {
			isa = PBXVariantGroup;
			children = (
				A8FD64FA1AF8B7E400874551 /* Base */,
			);
			name = Main.storyboard;
			sourceTree = "<group>";
		};
		A8FD64FE1AF8B7E400874551 /* LaunchScreen.xib */ = {
			isa = PBXVariantGroup;
			children = (
				A8FD64FF1AF8B7E400874551 /* Base */,
			);
			name = LaunchScreen.xib;
			sourceTree = "<group>";
		};
/* End PBXVariantGroup section */

/* Begin XCBuildConfiguration section */
		A8FD650D1AF8B7E400874551 /* Debug */ = {
			isa = XCBuildConfiguration;
			buildSettings = {
				ALWAYS_SEARCH_USER_PATHS = NO;
				CLANG_CXX_LANGUAGE_STANDARD = "gnu++0x";
				CLANG_CXX_LIBRARY = "libc++";
				CLANG_ENABLE_MODULES = YES;
				CLANG_ENABLE_OBJC_ARC = YES;
				CLANG_WARN_BOOL_CONVERSION = YES;
				CLANG_WARN_CONSTANT_CONVERSION = YES;
				CLANG_WARN_DIRECT_OBJC_ISA_USAGE = YES_ERROR;
				CLANG_WARN_EMPTY_BODY = YES;
				CLANG_WARN_ENUM_CONVERSION = YES;
				CLANG_WARN_INT_CONVERSION = YES;
				CLANG_WARN_OBJC_ROOT_CLASS = YES_ERROR;
				CLANG_WARN_UNREACHABLE_CODE = YES;
				CLANG_WARN__DUPLICATE_METHOD_MATCH = YES;
				CODE_SIGN_IDENTITY = "iPhone Developer: Kam Ling FONG (B7XEJ8KVVQ)";
				"CODE_SIGN_IDENTITY[sdk=iphoneos*]" = "iPhone Developer: Kam Ling FONG (B7XEJ8KVVQ)";
				COPY_PHASE_STRIP = NO;
				ENABLE_STRICT_OBJC_MSGSEND = YES;
				GCC_C_LANGUAGE_STANDARD = gnu99;
				GCC_DYNAMIC_NO_PIC = NO;
				GCC_OPTIMIZATION_LEVEL = 0;
				GCC_PREPROCESSOR_DEFINITIONS = (
					"DEBUG=1",
					"$(inherited)",
				);
				GCC_SYMBOLS_PRIVATE_EXTERN = NO;
				GCC_WARN_64_TO_32_BIT_CONVERSION = YES;
				GCC_WARN_ABOUT_RETURN_TYPE = YES_ERROR;
				GCC_WARN_UNDECLARED_SELECTOR = YES;
				GCC_WARN_UNINITIALIZED_AUTOS = YES_AGGRESSIVE;
				GCC_WARN_UNUSED_FUNCTION = YES;
				GCC_WARN_UNUSED_VARIABLE = YES;
				IPHONEOS_DEPLOYMENT_TARGET = 8.1;
				MTL_ENABLE_DEBUG_INFO = YES;
				ONLY_ACTIVE_ARCH = YES;
				PROVISIONING_PROFILE = "ae62e21b-a7cc-4aaf-b09f-9c0fb125ec39";
				SDKROOT = iphoneos;
			};
			name = Debug;
		};
		A8FD650E1AF8B7E500874551 /* Release */ = {
			isa = XCBuildConfiguration;
			buildSettings = {
				ALWAYS_SEARCH_USER_PATHS = NO;
				CLANG_CXX_LANGUAGE_STANDARD = "gnu++0x";
				CLANG_CXX_LIBRARY = "libc++";
				CLANG_ENABLE_MODULES = YES;
				CLANG_ENABLE_OBJC_ARC = YES;
				CLANG_WARN_BOOL_CONVERSION = YES;
				CLANG_WARN_CONSTANT_CONVERSION = YES;
				CLANG_WARN_DIRECT_OBJC_ISA_USAGE = YES_ERROR;
				CLANG_WARN_EMPTY_BODY = YES;
				CLANG_WARN_ENUM_CONVERSION = YES;
				CLANG_WARN_INT_CONVERSION = YES;
				CLANG_WARN_OBJC_ROOT_CLASS = YES_ERROR;
				CLANG_WARN_UNREACHABLE_CODE = YES;
				CLANG_WARN__DUPLICATE_METHOD_MATCH = YES;
				CODE_SIGN_IDENTITY = "iPhone Developer: Kam Ling FONG (B7XEJ8KVVQ)";
				"CODE_SIGN_IDENTITY[sdk=iphoneos*]" = "iPhone Developer: Kam Ling FONG (B7XEJ8KVVQ)";
				COPY_PHASE_STRIP = YES;
				ENABLE_NS_ASSERTIONS = NO;
				ENABLE_STRICT_OBJC_MSGSEND = YES;
				GCC_C_LANGUAGE_STANDARD = gnu99;
				GCC_WARN_64_TO_32_BIT_CONVERSION = YES;
				GCC_WARN_ABOUT_RETURN_TYPE = YES_ERROR;
				GCC_WARN_UNDECLARED_SELECTOR = YES;
				GCC_WARN_UNINITIALIZED_AUTOS = YES_AGGRESSIVE;
				GCC_WARN_UNUSED_FUNCTION = YES;
				GCC_WARN_UNUSED_VARIABLE = YES;
				IPHONEOS_DEPLOYMENT_TARGET = 8.1;
				MTL_ENABLE_DEBUG_INFO = NO;
				PROVISIONING_PROFILE = "ae62e21b-a7cc-4aaf-b09f-9c0fb125ec39";
				SDKROOT = iphoneos;
				VALIDATE_PRODUCT = YES;
			};
			name = Release;
		};
		A8FD65101AF8B7E500874551 /* Debug */ = {
			isa = XCBuildConfiguration;
			buildSettings = {
				ASSETCATALOG_COMPILER_APPICON_NAME = AppIcon;
				ASSETCATALOG_COMPILER_LAUNCHIMAGE_NAME = LaunchImage;
				CODE_SIGN_IDENTITY = "iPhone Developer: Kam Ling FONG (B7XEJ8KVVQ)";
				FRAMEWORK_SEARCH_PATHS = (
					"$(inherited)",
					"$(PROJECT_DIR)/jenkinsIntegration/HockeySDK-iOS/HockeySDK.embeddedframework",
					"$(PROJECT_DIR)/jenkinsIntegration/HockeySDK-iOS/HockeySDKCrashOnly",
				);
				INFOPLIST_FILE = jenkinsIntegration/Info.plist;
				IPHONEOS_DEPLOYMENT_TARGET = 7.1;
				LD_RUNPATH_SEARCH_PATHS = "$(inherited) @executable_path/Frameworks";
				PRODUCT_NAME = "$(TARGET_NAME)";
				PROVISIONING_PROFILE = "ae62e21b-a7cc-4aaf-b09f-9c0fb125ec39";
			};
			name = Debug;
		};
		A8FD65111AF8B7E500874551 /* Release */ = {
			isa = XCBuildConfiguration;
			buildSettings = {
				ASSETCATALOG_COMPILER_APPICON_NAME = AppIcon;
				ASSETCATALOG_COMPILER_LAUNCHIMAGE_NAME = LaunchImage;
				CODE_SIGN_IDENTITY = "iPhone Developer: Kam Ling FONG (B7XEJ8KVVQ)";
				FRAMEWORK_SEARCH_PATHS = (
					"$(inherited)",
					"$(PROJECT_DIR)/jenkinsIntegration/HockeySDK-iOS/HockeySDK.embeddedframework",
					"$(PROJECT_DIR)/jenkinsIntegration/HockeySDK-iOS/HockeySDKCrashOnly",
				);
				INFOPLIST_FILE = jenkinsIntegration/Info.plist;
				IPHONEOS_DEPLOYMENT_TARGET = 7.1;
				LD_RUNPATH_SEARCH_PATHS = "$(inherited) @executable_path/Frameworks";
				PRODUCT_NAME = "$(TARGET_NAME)";
				PROVISIONING_PROFILE = "ae62e21b-a7cc-4aaf-b09f-9c0fb125ec39";
			};
			name = Release;
		};
		A8FD65131AF8B7E500874551 /* Debug */ = {
			isa = XCBuildConfiguration;
			buildSettings = {
				BUNDLE_LOADER = "$(TEST_HOST)";
				FRAMEWORK_SEARCH_PATHS = (
					"$(SDKROOT)/Developer/Library/Frameworks",
					"$(inherited)",
				);
				GCC_PREPROCESSOR_DEFINITIONS = (
					"DEBUG=1",
					"$(inherited)",
				);
				INFOPLIST_FILE = jenkinsIntegrationTests/Info.plist;
				LD_RUNPATH_SEARCH_PATHS = "$(inherited) @executable_path/Frameworks @loader_path/Frameworks";
				PRODUCT_NAME = "$(TARGET_NAME)";
				TEST_HOST = "$(BUILT_PRODUCTS_DIR)/jenkinsIntegration.app/jenkinsIntegration";
			};
			name = Debug;
		};
		A8FD65141AF8B7E500874551 /* Release */ = {
			isa = XCBuildConfiguration;
			buildSettings = {
				BUNDLE_LOADER = "$(TEST_HOST)";
				FRAMEWORK_SEARCH_PATHS = (
					"$(SDKROOT)/Developer/Library/Frameworks",
					"$(inherited)",
				);
				INFOPLIST_FILE = jenkinsIntegrationTests/Info.plist;
				LD_RUNPATH_SEARCH_PATHS = "$(inherited) @executable_path/Frameworks @loader_path/Frameworks";
				PRODUCT_NAME = "$(TARGET_NAME)";
				TEST_HOST = "$(BUILT_PRODUCTS_DIR)/jenkinsIntegration.app/jenkinsIntegration";
			};
			name = Release;
		};
/* End XCBuildConfiguration section */

/* Begin XCConfigurationList section */
		A8FD64E41AF8B7E400874551 /* Build configuration list for PBXProject "jenkinsIntegration" */ = {
			isa = XCConfigurationList;
			buildConfigurations = (
				A8FD650D1AF8B7E400874551 /* Debug */,
				A8FD650E1AF8B7E500874551 /* Release */,
			);
			defaultConfigurationIsVisible = 0;
			defaultConfigurationName = Release;
		};
		A8FD650F1AF8B7E500874551 /* Build configuration list for PBXNativeTarget "jenkinsIntegration" */ = {
			isa = XCConfigurationList;
			buildConfigurations = (
				A8FD65101AF8B7E500874551 /* Debug */,
				A8FD65111AF8B7E500874551 /* Release */,
			);
			defaultConfigurationIsVisible = 0;
			defaultConfigurationName = Release;
		};
		A8FD65121AF8B7E500874551 /* Build configuration list for PBXNativeTarget "jenkinsIntegrationTests" */ = {
			isa = XCConfigurationList;
			buildConfigurations = (
				A8FD65131AF8B7E500874551 /* Debug */,
				A8FD65141AF8B7E500874551 /* Release */,
			);
			defaultConfigurationIsVisible = 0;
			defaultConfigurationName = Release;
		};
/* End XCConfigurationList section */
	};
	rootObject = A8FD64E11AF8B7E400874551 /* Project object */;
}
